Microsoft Visual Studio Solution File, Format Version 12.00
# Visual Studio Version 17
VisualStudioVersion = 17.5.2.0
MinimumVisualStudioVersion = 10.0.40219.1
Project("{2150E333-8FDC-42A3-9474-1A3956D46DE8}") = "ToDoListApp", "ToDoListApp", "{787D3BC9-2599-75AF-0930-E5BEA905A0F7}"
EndProject
Project("{FAE04EC0-301F-11D3-BF4B-00C04F79EFBC}") = "ToDoListApp", "ToDoListApp\ToDoListApp.csproj", "{5B769978-E7AB-980A-055B-73983176E548}"
EndProject
Global
	GlobalSection(SolutionConfigurationPlatforms) = preSolution
		Debug|Any CPU = Debug|Any CPU
		Release|Any CPU = Release|Any CPU
	EndGlobalSection
	GlobalSection(ProjectConfigurationPlatforms) = postSolution
		{5B769978-E7AB-980A-055B-73983176E548}.Debug|Any CPU.ActiveCfg = Debug|Any CPU
		{5B769978-E7AB-980A-055B-73983176E548}.Debug|Any CPU.Build.0 = Debug|Any CPU
		{5B769978-E7AB-980A-055B-73983176E548}.Release|Any CPU.ActiveCfg = Release|Any CPU
		{5B769978-E7AB-980A-055B-73983176E548}.Release|Any CPU.Build.0 = Release|Any CPU
	EndGlobalSection
	GlobalSection(SolutionProperties) = preSolution
		HideSolutionNode = FALSE
	EndGlobalSection
	GlobalSection(NestedProjects) = preSolution
		{5B769978-E7AB-980A-055B-73983176E548} = {787D3BC9-2599-75AF-0930-E5BEA905A0F7}
	EndGlobalSection
	GlobalSection(ExtensibilityGlobals) = postSolution
		SolutionGuid = {FA825D93-4FD8-4B12-8C7F-A3B427256736}
	EndGlobalSection
EndGlobal
