Microsoft Visual Studio Solution File, Format Version 12.00
# Visual Studio Version 17
VisualStudioVersion = 17.5.2.0
MinimumVisualStudioVersion = 10.0.40219.1
Project("{2150E333-8FDC-42A3-9474-1A3956D46DE8}") = "ToDoListApp", "ToDoListApp", "{787D3BC9-2599-75AF-0930-E5BEA905A0F7}"
EndProject
Project("{FAE04EC0-301F-11D3-BF4B-00C04F79EFBC}") = "ToDoListApp", "ToDoListApp\ToDoListApp.csproj", "{5B769978-E7AB-980A-055B-73983176E548}"
EndProject
Project("{FAE04EC0-301F-11D3-BF4B-00C04F79EFBC}") = "AssetManagementService", "AssetManagementService\AssetManagementService.csproj", "{64DBD4AD-9640-4213-8439-7402AAA87F36}"
EndProject
Project("{FAE04EC0-301F-11D3-BF4B-00C04F79EFBC}") = "ApiGateway", "ApiGateway\ApiGateway.csproj", "{2B46862B-BF0F-4C1E-8D24-8DB974167B90}"
EndProject
Project("{FAE04EC0-301F-11D3-BF4B-00C04F79EFBC}") = "Shared", "Shared\Shared.csproj", "{1EF671EB-541A-44EF-ACDA-D98F471DEA83}"
EndProject
Project("{FAE04EC0-301F-11D3-BF4B-00C04F79EFBC}") = "AuthService", "AuthService\AuthService.csproj", "{647F2566-B275-46FF-87F7-83386A763AB3}"
EndProject
Global
	GlobalSection(SolutionConfigurationPlatforms) = preSolution
		Debug|Any CPU = Debug|Any CPU
		Release|Any CPU = Release|Any CPU
	EndGlobalSection
	GlobalSection(ProjectConfigurationPlatforms) = postSolution
		{5B769978-E7AB-980A-055B-73983176E548}.Debug|Any CPU.ActiveCfg = Debug|Any CPU
		{5B769978-E7AB-980A-055B-73983176E548}.Debug|Any CPU.Build.0 = Debug|Any CPU
		{5B769978-E7AB-980A-055B-73983176E548}.Release|Any CPU.ActiveCfg = Release|Any CPU
		{5B769978-E7AB-980A-055B-73983176E548}.Release|Any CPU.Build.0 = Release|Any CPU
		{64DBD4AD-9640-4213-8439-7402AAA87F36}.Debug|Any CPU.ActiveCfg = Debug|Any CPU
		{64DBD4AD-9640-4213-8439-7402AAA87F36}.Debug|Any CPU.Build.0 = Debug|Any CPU
		{64DBD4AD-9640-4213-8439-7402AAA87F36}.Release|Any CPU.ActiveCfg = Release|Any CPU
		{64DBD4AD-9640-4213-8439-7402AAA87F36}.Release|Any CPU.Build.0 = Release|Any CPU
		{2B46862B-BF0F-4C1E-8D24-8DB974167B90}.Debug|Any CPU.ActiveCfg = Debug|Any CPU
		{2B46862B-BF0F-4C1E-8D24-8DB974167B90}.Debug|Any CPU.Build.0 = Debug|Any CPU
		{2B46862B-BF0F-4C1E-8D24-8DB974167B90}.Release|Any CPU.ActiveCfg = Release|Any CPU
		{2B46862B-BF0F-4C1E-8D24-8DB974167B90}.Release|Any CPU.Build.0 = Release|Any CPU
		{1EF671EB-541A-44EF-ACDA-D98F471DEA83}.Debug|Any CPU.ActiveCfg = Debug|Any CPU
		{1EF671EB-541A-44EF-ACDA-D98F471DEA83}.Debug|Any CPU.Build.0 = Debug|Any CPU
		{1EF671EB-541A-44EF-ACDA-D98F471DEA83}.Release|Any CPU.ActiveCfg = Release|Any CPU
		{1EF671EB-541A-44EF-ACDA-D98F471DEA83}.Release|Any CPU.Build.0 = Release|Any CPU
		{647F2566-B275-46FF-87F7-83386A763AB3}.Debug|Any CPU.ActiveCfg = Debug|Any CPU
		{647F2566-B275-46FF-87F7-83386A763AB3}.Debug|Any CPU.Build.0 = Debug|Any CPU
		{647F2566-B275-46FF-87F7-83386A763AB3}.Release|Any CPU.ActiveCfg = Release|Any CPU
		{647F2566-B275-46FF-87F7-83386A763AB3}.Release|Any CPU.Build.0 = Release|Any CPU
	EndGlobalSection
	GlobalSection(SolutionProperties) = preSolution
		HideSolutionNode = FALSE
	EndGlobalSection
	GlobalSection(NestedProjects) = preSolution
		{5B769978-E7AB-980A-055B-73983176E548} = {787D3BC9-2599-75AF-0930-E5BEA905A0F7}
	EndGlobalSection
	GlobalSection(ExtensibilityGlobals) = postSolution
		SolutionGuid = {FA825D93-4FD8-4B12-8C7F-A3B427256736}
	EndGlobalSection
EndGlobal
